// !$*UTF8*$!
{
	archiveVersion = 1;
	classes = {
	};
	objectVersion = 77;
	objects = {

/* Begin PBXBuildFile section */
		D084009D2FBB4E0A00BF5B7B /* SpeechButton.swift in Sources */ = {isa = PBXBuildFile; fileRef = D084009A2FBB4E0A00BF5B7B /* SpeechButton.swift */; };
		D084009E2FBB4E0A00BF5B7B /* SpeechRecognizer.swift in Sources */ = {isa = PBXBuildFile; fileRef = D084009B2FBB4E0A00BF5B7B /* SpeechRecognizer.swift */; };
		D084FF9B2FBB3C0F00BF5B7B /* SISOLearnModel.xcdatamodeld in Sources */ = {isa = PBXBuildFile; fileRef = D084FF992FBB3C0F00BF5B7B /* SISOLearnModel.xcdatamodeld */; };
/* End PBXBuildFile section */

/* Begin PBXContainerItemProxy section */
		D083865D2FB9B811009DA65A /* PBXContainerItemProxy */ = {
			isa = PBXContainerItemProxy;
			containerPortal = D08386452FB9B80F009DA65A /* Project object */;
			proxyType = 1;
			remoteGlobalIDString = D083864C2FB9B80F009DA65A;
			remoteInfo = SISOLearn;
		};
		D08386672FB9B811009DA65A /* PBXContainerItemProxy */ = {
			isa = PBXContainerItemProxy;
			containerPortal = D08386452FB9B80F009DA65A /* Project object */;
			proxyType = 1;
			remoteGlobalIDString = D083864C2FB9B80F009DA65A;
			remoteInfo = SISOLearn;
		};
/* End PBXContainerItemProxy section */

/* Begin PBXFileReference section */
		D083864D2FB9B80F009DA65A /* SISOLearn.app */ = {isa = PBXFileReference; explicitFileType = wrapper.application; includeInIndex = 0; path = SISOLearn.app; sourceTree = BUILT_PRODUCTS_DIR; };
		D083865C2FB9B811009DA65A /* SISOLearnTests.xctest */ = {isa = PBXFileReference; explicitFileType = wrapper.cfbundle; includeInIndex = 0; path = SISOLearnTests.xctest; sourceTree = BUILT_PRODUCTS_DIR; };
		D08386662FB9B811009DA65A /* SISOLearnUITests.xctest */ = {isa = PBXFileReference; explicitFileType = wrapper.cfbundle; includeInIndex = 0; path = SISOLearnUITests.xctest; sourceTree = BUILT_PRODUCTS_DIR; };
		D084009A2FBB4E0A00BF5B7B /* SpeechButton.swift */ = {isa = PBXFileReference; lastKnownFileType = sourcecode.swift; path = SpeechButton.swift; sourceTree = "<group>"; };
		D084009B2FBB4E0A00BF5B7B /* SpeechRecognizer.swift */ = {isa = PBXFileReference; lastKnownFileType = sourcecode.swift; path = SpeechRecognizer.swift; sourceTree = "<group>"; };
		D084FF9A2FBB3C0F00BF5B7B /* SISOLearnModel.xcdatamodel */ = {isa = PBXFileReference; lastKnownFileType = wrapper.xcdatamodel; path = SISOLearnModel.xcdatamodel; sourceTree = "<group>"; };
/* End PBXFileReference section */

/* Begin PBXFileSystemSynchronizedBuildFileExceptionSet section */
		D08400952FBB4D4A00BF5B7B /* Exceptions for "SISOLearn" folder in "SISOLearn" target */ = {
			isa = PBXFileSystemSynchronizedBuildFileExceptionSet;
			membershipExceptions = (
				Core/Speech/SpeechButton.swift,
				Core/Speech/SpeechRecognizer.swift,
				Info.plist,
			);
			target = D083864C2FB9B80F009DA65A /* SISOLearn */;
		};
/* End PBXFileSystemSynchronizedBuildFileExceptionSet section */

/* Begin PBXFileSystemSynchronizedRootGroup section */
		D083864F2FB9B80F009DA65A /* SISOLearn */ = {
			isa = PBXFileSystemSynchronizedRootGroup;
			exceptions = (
				D08400952FBB4D4A00BF5B7B /* Exceptions for "SISOLearn" folder in "SISOLearn" target */,
			);
			path = SISOLearn;
			sourceTree = "<group>";
		};
		D083865F2FB9B811009DA65A /* SISOLearnTests */ = {
			isa = PBXFileSystemSynchronizedRootGroup;
			path = SISOLearnTests;
			sourceTree = "<group>";
		};
		D08386692FB9B811009DA65A /* SISOLearnUITests */ = {
			isa = PBXFileSystemSynchronizedRootGroup;
			path = SISOLearnUITests;
			sourceTree = "<group>";
		};
/* End PBXFileSystemSynchronizedRootGroup section */

/* Begin PBXFrameworksBuildPhase section */
		D083864A2FB9B80F009DA65A /* Frameworks */ = {
			isa = PBXFrameworksBuildPhase;
			buildActionMask = 2147483647;
			files = (
			);
			runOnlyForDeploymentPostprocessing = 0;
		};
		D08386592FB9B811009DA65A /* Frameworks */ = {
			isa = PBXFrameworksBuildPhase;
			buildActionMask = 2147483647;
			files = (
			);
			runOnlyForDeploymentPostprocessing = 0;
		};
		D08386632FB9B811009DA65A /* Frameworks */ = {
			isa = PBXFrameworksBuildPhase;
			buildActionMask = 2147483647;
			files = (
			);
			runOnlyForDeploymentPostprocessing = 0;
		};
/* End PBXFrameworksBuildPhase section */

/* Begin PBXGroup section */
		D08386442FB9B80F009DA65A = {
			isa = PBXGroup;
			children = (
				D084009C2FBB4E0A00BF5B7B /* Speech */,
				D084FF992FBB3C0F00BF5B7B /* SISOLearnModel.xcdatamodeld */,
				D083864F2FB9B80F009DA65A /* SISOLearn */,
				D083865F2FB9B811009DA65A /* SISOLearnTests */,
				D08386692FB9B811009DA65A /* SISOLearnUITests */,
				D083864E2FB9B80F009DA65A /* Products */,
			);
			sourceTree = "<group>";
		};
		D083864E2FB9B80F009DA65A /* Products */ = {
			isa = PBXGroup;
			children = (
				D083864D2FB9B80F009DA65A /* SISOLearn.app */,
				D083865C2FB9B811009DA65A /* SISOLearnTests.xctest */,
				D08386662FB9B811009DA65A /* SISOLearnUITests.xctest */,
			);
			name = Products;
			sourceTree = "<group>";
		};
		D084009C2FBB4E0A00BF5B7B /* Speech */ = {
			isa = PBXGroup;
			children = (
				D084009A2FBB4E0A00BF5B7B /* SpeechButton.swift */,
				D084009B2FBB4E0A00BF5B7B /* SpeechRecognizer.swift */,
			);
			path = Speech;
			sourceTree = "<group>";
		};
/* End PBXGroup section */

/* Begin PBXNativeTarget section */
		D083864C2FB9B80F009DA65A /* SISOLearn */ = {
			isa = PBXNativeTarget;
			buildConfigurationList = D08386702FB9B811009DA65A /* Build configuration list for PBXNativeTarget "SISOLearn" */;
			buildPhases = (
				D08386492FB9B80F009DA65A /* Sources */,
				D083864A2FB9B80F009DA65A /* Frameworks */,
				D083864B2FB9B80F009DA65A /* Resources */,
			);
			buildRules = (
			);
			dependencies = (
			);
			fileSystemSynchronizedGroups = (
				D083864F2FB9B80F009DA65A /* SISOLearn */,
			);
			name = SISOLearn;
			packageProductDependencies = (
			);
			productName = SISOLearn;
			productReference = D083864D2FB9B80F009DA65A /* SISOLearn.app */;
			productType = "com.apple.product-type.application";
		};
		D083865B2FB9B811009DA65A /* SISOLearnTests */ = {
			isa = PBXNativeTarget;
			buildConfigurationList = D08386732FB9B811009DA65A /* Build configuration list for PBXNativeTarget "SISOLearnTests" */;
			buildPhases = (
				D08386582FB9B811009DA65A /* Sources */,
				D08386592FB9B811009DA65A /* Frameworks */,
				D083865A2FB9B811009DA65A /* Resources */,
			);
			buildRules = (
			);
			dependencies = (
				D083865E2FB9B811009DA65A /* PBXTargetDependency */,
			);
			fileSystemSynchronizedGroups = (
				D083865F2FB9B811009DA65A /* SISOLearnTests */,
			);
			name = SISOLearnTests;
			packageProductDependencies = (
			);
			productName = SISOLearnTests;
			productReference = D083865C2FB9B811009DA65A /* SISOLearnTests.xctest */;
			productType = "com.apple.product-type.bundle.unit-test";
		};
		D08386652FB9B811009DA65A /* SISOLearnUITests */ = {
			isa = PBXNativeTarget;
			buildConfigurationList = D08386762FB9B811009DA65A /* Build configuration list for PBXNativeTarget "SISOLearnUITests" */;
			buildPhases = (
				D08386622FB9B811009DA65A /* Sources */,
				D08386632FB9B811009DA65A /* Frameworks */,
				D08386642FB9B811009DA65A /* Resources */,
			);
			buildRules = (
			);
			dependencies = (
				D08386682FB9B811009DA65A /* PBXTargetDependency */,
			);
			fileSystemSynchronizedGroups = (
				D08386692FB9B811009DA65A /* SISOLearnUITests */,
			);
			name = SISOLearnUITests;
			packageProductDependencies = (
			);
			productName = SISOLearnUITests;
			productReference = D08386662FB9B811009DA65A /* SISOLearnUITests.xctest */;
			productType = "com.apple.product-type.bundle.ui-testing";
		};
/* End PBXNativeTarget section */

/* Begin PBXProject section */
		D08386452FB9B80F009DA65A /* Project object */ = {
			isa = PBXProject;
			attributes = {
				BuildIndependentTargetsInParallel = 1;
				LastSwiftUpdateCheck = 2650;
				LastUpgradeCheck = 2650;
				TargetAttributes = {
					D083864C2FB9B80F009DA65A = {
						CreatedOnToolsVersion = 26.5;
					};
					D083865B2FB9B811009DA65A = {
						CreatedOnToolsVersion = 26.5;
						TestTargetID = D083864C2FB9B80F009DA65A;
					};
					D08386652FB9B811009DA65A = {
						CreatedOnToolsVersion = 26.5;
						TestTargetID = D083864C2FB9B80F009DA65A;
					};
				};
			};
			buildConfigurationList = D08386482FB9B80F009DA65A /* Build configuration list for PBXProject "SISOLearn" */;
			developmentRegion = en;
			hasScannedForEncodings = 0;
			knownRegions = (
				en,
				Base,
			);
			mainGroup = D08386442FB9B80F009DA65A;
			minimizedProjectReferenceProxies = 1;
			preferredProjectObjectVersion = 77;
			productRefGroup = D083864E2FB9B80F009DA65A /* Products */;
			projectDirPath = "";
			projectRoot = "";
			targets = (
				D083864C2FB9B80F009DA65A /* SISOLearn */,
				D083865B2FB9B811009DA65A /* SISOLearnTests */,
				D08386652FB9B811009DA65A /* SISOLearnUITests */,
			);
		};
/* End PBXProject section */

/* Begin PBXResourcesBuildPhase section */
		D083864B2FB9B80F009DA65A /* Resources */ = {
			isa = PBXResourcesBuildPhase;
			buildActionMask = 2147483647;
			files = (
			);
			runOnlyForDeploymentPostprocessing = 0;
		};
		D083865A2FB9B811009DA65A /* Resources */ = {
			isa = PBXResourcesBuildPhase;
			buildActionMask = 2147483647;
			files = (
			);
			runOnlyForDeploymentPostprocessing = 0;
		};
		D08386642FB9B811009DA65A /* Resources */ = {
			isa = PBXResourcesBuildPhase;
			buildActionMask = 2147483647;
			files = (
			);
			runOnlyForDeploymentPostprocessing = 0;
		};
/* End PBXResourcesBuildPhase section */

/* Begin PBXSourcesBuildPhase section */
		D08386492FB9B80F009DA65A /* Sources */ = {
			isa = PBXSourcesBuildPhase;
			buildActionMask = 2147483647;
			files = (
				D084009D2FBB4E0A00BF5B7B /* SpeechButton.swift in Sources */,
				D084009E2FBB4E0A00BF5B7B /* SpeechRecognizer.swift in Sources */,
				D084FF9B2FBB3C0F00BF5B7B /* SISOLearnModel.xcdatamodeld in Sources */,
			);
			runOnlyForDeploymentPostprocessing = 0;
		};
		D08386582FB9B811009DA65A /* Sources */ = {
			isa = PBXSourcesBuildPhase;
			buildActionMask = 2147483647;
			files = (
			);
			runOnlyForDeploymentPostprocessing = 0;
		};
		D08386622FB9B811009DA65A /* Sources */ = {
			isa = PBXSourcesBuildPhase;
			buildActionMask = 2147483647;
			files = (
			);
			runOnlyForDeploymentPostprocessing = 0;
		};
/* End PBXSourcesBuildPhase section */

/* Begin PBXTargetDependency section */
		D083865E2FB9B811009DA65A /* PBXTargetDependency */ = {
			isa = PBXTargetDependency;
			target = D083864C2FB9B80F009DA65A /* SISOLearn */;
			targetProxy = D083865D2FB9B811009DA65A /* PBXContainerItemProxy */;
		};
		D08386682FB9B811009DA65A /* PBXTargetDependency */ = {
			isa = PBXTargetDependency;
			target = D083864C2FB9B80F009DA65A /* SISOLearn */;
			targetProxy = D08386672FB9B811009DA65A /* PBXContainerItemProxy */;
		};
/* End PBXTargetDependency section */

/* Begin XCBuildConfiguration section */
		D083866E2FB9B811009DA65A /* Debug */ = {
			isa = XCBuildConfiguration;
			buildSettings = {
				ALWAYS_SEARCH_USER_PATHS = NO;
				ASSETCATALOG_COMPILER_GENERATE_SWIFT_ASSET_SYMBOL_EXTENSIONS = YES;
				CLANG_ANALYZER_NONNULL = YES;
				CLANG_ANALYZER_NUMBER_OBJECT_CONVERSION = YES_AGGRESSIVE;
				CLANG_CXX_LANGUAGE_STANDARD = "gnu++20";
				CLANG_ENABLE_MODULES = YES;
				CLANG_ENABLE_OBJC_ARC = YES;
				CLANG_ENABLE_OBJC_WEAK = YES;
				CLANG_WARN_BLOCK_CAPTURE_AUTORELEASING = YES;
				CLANG_WARN_BOOL_CONVERSION = YES;
				CLANG_WARN_COMMA = YES;
				CLANG_WARN_CONSTANT_CONVERSION = YES;
				CLANG_WARN_DEPRECATED_OBJC_IMPLEMENTATIONS = YES;
				CLANG_WARN_DIRECT_OBJC_ISA_USAGE = YES_ERROR;
				CLANG_WARN_DOCUMENTATION_COMMENTS = YES;
				CLANG_WARN_EMPTY_BODY = YES;
				CLANG_WARN_ENUM_CONVERSION = YES;
				CLANG_WARN_INFINITE_RECURSION = YES;
				CLANG_WARN_INT_CONVERSION = YES;
				CLANG_WARN_NON_LITERAL_NULL_CONVERSION = YES;
				CLANG_WARN_OBJC_IMPLICIT_RETAIN_SELF = YES;
				CLANG_WARN_OBJC_LITERAL_CONVERSION = YES;
				CLANG_WARN_OBJC_ROOT_CLASS = YES_ERROR;
				CLANG_WARN_QUOTED_INCLUDE_IN_FRAMEWORK_HEADER = YES;
				CLANG_WARN_RANGE_LOOP_ANALYSIS = YES;
				CLANG_WARN_STRICT_PROTOTYPES = YES;
				CLANG_WARN_SUSPICIOUS_MOVE = YES;
				CLANG_WARN_UNGUARDED_AVAILABILITY = YES_AGGRESSIVE;
				CLANG_WARN_UNREACHABLE_CODE = YES;
				CLANG_WARN__DUPLICATE_METHOD_MATCH = YES;
				COPY_PHASE_STRIP = NO;
				DEBUG_INFORMATION_FORMAT = dwarf;
				ENABLE_STRICT_OBJC_MSGSEND = YES;
				ENABLE_TESTABILITY = YES;
				ENABLE_USER_SCRIPT_SANDBOXING = YES;
				GCC_C_LANGUAGE_STANDARD = gnu17;
				GCC_DYNAMIC_NO_PIC = NO;
				GCC_NO_COMMON_BLOCKS = YES;
				GCC_OPTIMIZATION_LEVEL = 0;
				GCC_PREPROCESSOR_DEFINITIONS = (
					"DEBUG=1",
					"$(inherited)",
				);
				GCC_WARN_64_TO_32_BIT_CONVERSION = YES;
				GCC_WARN_ABOUT_RETURN_TYPE = YES_ERROR;
				GCC_WARN_UNDECLARED_SELECTOR = YES;
				GCC_WARN_UNINITIALIZED_AUTOS = YES_AGGRESSIVE;
				GCC_WARN_UNUSED_FUNCTION = YES;
				GCC_WARN_UNUSED_VARIABLE = YES;
				LOCALIZATION_PREFERS_STRING_CATALOGS = YES;
				MTL_ENABLE_DEBUG_INFO = INCLUDE_SOURCE;
				MTL_FAST_MATH = YES;
				ONLY_ACTIVE_ARCH = YES;
				SWIFT_ACTIVE_COMPILATION_CONDITIONS = "DEBUG $(inherited)";
				SWIFT_OPTIMIZATION_LEVEL = "-Onone";
			};
			name = Debug;
		};
		D083866F2FB9B811009DA65A /* Release */ = {
			isa = XCBuildConfiguration;
			buildSettings = {
				ALWAYS_SEARCH_USER_PATHS = NO;
				ASSETCATALOG_COMPILER_GENERATE_SWIFT_ASSET_SYMBOL_EXTENSIONS = YES;
				CLANG_ANALYZER_NONNULL = YES;
				CLANG_ANALYZER_NUMBER_OBJECT_CONVERSION = YES_AGGRESSIVE;
				CLANG_CXX_LANGUAGE_STANDARD = "gnu++20";
				CLANG_ENABLE_MODULES = YES;
				CLANG_ENABLE_OBJC_ARC = YES;
				CLANG_ENABLE_OBJC_WEAK = YES;
				CLANG_WARN_BLOCK_CAPTURE_AUTORELEASING = YES;
				CLANG_WARN_BOOL_CONVERSION = YES;
				CLANG_WARN_COMMA = YES;
				CLANG_WARN_CONSTANT_CONVERSION = YES;
				CLANG_WARN_DEPRECATED_OBJC_IMPLEMENTATIONS = YES;
				CLANG_WARN_DIRECT_OBJC_ISA_USAGE = YES_ERROR;
				CLANG_WARN_DOCUMENTATION_COMMENTS = YES;
				CLANG_WARN_EMPTY_BODY = YES;
				CLANG_WARN_ENUM_CONVERSION = YES;
				CLANG_WARN_INFINITE_RECURSION = YES;
				CLANG_WARN_INT_CONVERSION = YES;
				CLANG_WARN_NON_LITERAL_NULL_CONVERSION = YES;
				CLANG_WARN_OBJC_IMPLICIT_RETAIN_SELF = YES;
				CLANG_WARN_OBJC_LITERAL_CONVERSION = YES;
				CLANG_WARN_OBJC_ROOT_CLASS = YES_ERROR;
				CLANG_WARN_QUOTED_INCLUDE_IN_FRAMEWORK_HEADER = YES;
				CLANG_WARN_RANGE_LOOP_ANALYSIS = YES;
				CLANG_WARN_STRICT_PROTOTYPES = YES;
				CLANG_WARN_SUSPICIOUS_MOVE = YES;
				CLANG_WARN_UNGUARDED_AVAILABILITY = YES_AGGRESSIVE;
				CLANG_WARN_UNREACHABLE_CODE = YES;
				CLANG_WARN__DUPLICATE_METHOD_MATCH = YES;
				COPY_PHASE_STRIP = NO;
				DEBUG_INFORMATION_FORMAT = "dwarf-with-dsym";
				ENABLE_NS_ASSERTIONS = NO;
				ENABLE_STRICT_OBJC_MSGSEND = YES;
				ENABLE_USER_SCRIPT_SANDBOXING = YES;
				GCC_C_LANGUAGE_STANDARD = gnu17;
				GCC_NO_COMMON_BLOCKS = YES;
				GCC_WARN_64_TO_32_BIT_CONVERSION = YES;
				GCC_WARN_ABOUT_RETURN_TYPE = YES_ERROR;
				GCC_WARN_UNDECLARED_SELECTOR = YES;
				GCC_WARN_UNINITIALIZED_AUTOS = YES_AGGRESSIVE;
				GCC_WARN_UNUSED_FUNCTION = YES;
				GCC_WARN_UNUSED_VARIABLE = YES;
				LOCALIZATION_PREFERS_STRING_CATALOGS = YES;
				MTL_ENABLE_DEBUG_INFO = NO;
				MTL_FAST_MATH = YES;
				SWIFT_COMPILATION_MODE = wholemodule;
			};
			name = Release;
		};
		D08386712FB9B811009DA65A /* Debug */ = {
			isa = XCBuildConfiguration;
			buildSettings = {
				ASSETCATALOG_COMPILER_APPICON_NAME = AppIcon;
				ASSETCATALOG_COMPILER_GLOBAL_ACCENT_COLOR_NAME = AccentColor;
				CODE_SIGN_STYLE = Automatic;
				CURRENT_PROJECT_VERSION = 1;
				DEVELOPMENT_TEAM = 884L53R68L;
				ENABLE_APP_SANDBOX = YES;
				ENABLE_PREVIEWS = YES;
				ENABLE_USER_SELECTED_FILES = readonly;
				GENERATE_INFOPLIST_FILE = NO;
				INFOPLIST_FILE = SISOLearn/Info.plist;
				INFOPLIST_KEY_NSSpeechRecognitionUsageDescription = "";
				"INFOPLIST_KEY_UIApplicationSceneManifest_Generation[sdk=iphoneos*]" = YES;
				"INFOPLIST_KEY_UIApplicationSceneManifest_Generation[sdk=iphonesimulator*]" = YES;
				"INFOPLIST_KEY_UIApplicationSupportsIndirectInputEvents[sdk=iphoneos*]" = YES;
				"INFOPLIST_KEY_UIApplicationSupportsIndirectInputEvents[sdk=iphonesimulator*]" = YES;
				"INFOPLIST_KEY_UILaunchScreen_Generation[sdk=iphoneos*]" = YES;
				"INFOPLIST_KEY_UILaunchScreen_Generation[sdk=iphonesimulator*]" = YES;
				"INFOPLIST_KEY_UIStatusBarStyle[sdk=iphoneos*]" = UIStatusBarStyleDefault;
				"INFOPLIST_KEY_UIStatusBarStyle[sdk=iphonesimulator*]" = UIStatusBarStyleDefault;
				INFOPLIST_KEY_UISupportedInterfaceOrientations_iPad = "UIInterfaceOrientationPortrait UIInterfaceOrientationPortraitUpsideDown UIInterfaceOrientationLandscapeLeft UIInterfaceOrientationLandscapeRight";
				INFOPLIST_KEY_UISupportedInterfaceOrientations_iPhone = "UIInterfaceOrientationPortrait UIInterfaceOrientationLandscapeLeft UIInterfaceOrientationLandscapeRight";
				IPHONEOS_DEPLOYMENT_TARGET = 26.0;
				LD_RUNPATH_SEARCH_PATHS = "@executable_path/Frameworks";
				"LD_RUNPATH_SEARCH_PATHS[sdk=macosx*]" = "@executable_path/../Frameworks";
				MACOSX_DEPLOYMENT_TARGET = 26.4;
				MARKETING_VERSION = 1.0;
				PRODUCT_BUNDLE_IDENTIFIER = com.sisolearn.SISOLearn;
				PRODUCT_NAME = "$(TARGET_NAME)";
				REGISTER_APP_GROUPS = YES;
				SDKROOT = auto;
				STRING_CATALOG_GENERATE_SYMBOLS = YES;
				SUPPORTED_PLATFORMS = "iphoneos iphonesimulator macosx xros xrsimulator";
				SWIFT_APPROACHABLE_CONCURRENCY = YES;
				SWIFT_DEFAULT_ACTOR_ISOLATION = MainActor;
				SWIFT_EMIT_LOC_STRINGS = YES;
				SWIFT_VERSION = 5.0;
				TARGETED_DEVICE_FAMILY = "1,2,7";
				XROS_DEPLOYMENT_TARGET = 26.5;
			};
			name = Debug;
		};
		D08386722FB9B811009DA65A /* Release */ = {
			isa = XCBuildConfiguration;
			buildSettings = {
				ASSETCATALOG_COMPILER_APPICON_NAME = AppIcon;
				ASSETCATALOG_COMPILER_GLOBAL_ACCENT_COLOR_NAME = AccentColor;
				CODE_SIGN_STYLE = Automatic;
				CURRENT_PROJECT_VERSION = 1;
				DEVELOPMENT_TEAM = 884L53R68L;
				ENABLE_APP_SANDBOX = YES;
				ENABLE_PREVIEWS = YES;
				ENABLE_USER_SELECTED_FILES = readonly;
				GENERATE_INFOPLIST_FILE = NO;
				INFOPLIST_FILE = SISOLearn/Info.plist;
				INFOPLIST_KEY_NSSpeechRecognitionUsageDescription = "";
				"INFOPLIST_KEY_UIApplicationSceneManifest_Generation[sdk=iphoneos*]" = YES;
				"INFOPLIST_KEY_UIApplicationSceneManifest_Generation[sdk=iphonesimulator*]" = YES;
				"INFOPLIST_KEY_UIApplicationSupportsIndirectInputEvents[sdk=iphoneos*]" = YES;
				"INFOPLIST_KEY_UIApplicationSupportsIndirectInputEvents[sdk=iphonesimulator*]" = YES;
				"INFOPLIST_KEY_UILaunchScreen_Generation[sdk=iphoneos*]" = YES;
				"INFOPLIST_KEY_UILaunchScreen_Generation[sdk=iphonesimulator*]" = YES;
				"INFOPLIST_KEY_UIStatusBarStyle[sdk=iphoneos*]" = UIStatusBarStyleDefault;
				"INFOPLIST_KEY_UIStatusBarStyle[sdk=iphonesimulator*]" = UIStatusBarStyleDefault;
				INFOPLIST_KEY_UISupportedInterfaceOrientations_iPad = "UIInterfaceOrientationPortrait UIInterfaceOrientationPortraitUpsideDown UIInterfaceOrientationLandscapeLeft UIInterfaceOrientationLandscapeRight";
				INFOPLIST_KEY_UISupportedInterfaceOrientations_iPhone = "UIInterfaceOrientationPortrait UIInterfaceOrientationLandscapeLeft UIInterfaceOrientationLandscapeRight";
				IPHONEOS_DEPLOYMENT_TARGET = 26.0;
				LD_RUNPATH_SEARCH_PATHS = "@executable_path/Frameworks";
				"LD_RUNPATH_SEARCH_PATHS[sdk=macosx*]" = "@executable_path/../Frameworks";
				MACOSX_DEPLOYMENT_TARGET = 26.4;
				MARKETING_VERSION = 1.0;
				PRODUCT_BUNDLE_IDENTIFIER = com.sisolearn.SISOLearn;
				PRODUCT_NAME = "$(TARGET_NAME)";
				REGISTER_APP_GROUPS = YES;
				SDKROOT = auto;
				STRING_CATALOG_GENERATE_SYMBOLS = YES;
				SUPPORTED_PLATFORMS = "iphoneos iphonesimulator macosx xros xrsimulator";
				SWIFT_APPROACHABLE_CONCURRENCY = YES;
				SWIFT_DEFAULT_ACTOR_ISOLATION = MainActor;
				SWIFT_EMIT_LOC_STRINGS = YES;
				SWIFT_VERSION = 5.0;
				TARGETED_DEVICE_FAMILY = "1,2,7";
				XROS_DEPLOYMENT_TARGET = 26.5;
			};
			name = Release;
		};
		D08386742FB9B811009DA65A /* Debug */ = {
			isa = XCBuildConfiguration;
			buildSettings = {
				BUNDLE_LOADER = "$(TEST_HOST)";
				CODE_SIGN_STYLE = Automatic;
				CURRENT_PROJECT_VERSION = 1;
				GENERATE_INFOPLIST_FILE = NO;
				IPHONEOS_DEPLOYMENT_TARGET = 26.0;
				MACOSX_DEPLOYMENT_TARGET = 26.4;
				MARKETING_VERSION = 1.0;
				PRODUCT_BUNDLE_IDENTIFIER = com.sisolearn.SISOLearnTests;
				PRODUCT_NAME = "$(TARGET_NAME)";
				SDKROOT = auto;
				STRING_CATALOG_GENERATE_SYMBOLS = NO;
				SUPPORTED_PLATFORMS = "iphoneos iphonesimulator macosx xros xrsimulator";
				SWIFT_APPROACHABLE_CONCURRENCY = YES;
				SWIFT_EMIT_LOC_STRINGS = NO;
				SWIFT_VERSION = 5.0;
				TARGETED_DEVICE_FAMILY = "1,2,7";
				TEST_HOST = "$(BUILT_PRODUCTS_DIR)/SISOLearn.app/$(BUNDLE_EXECUTABLE_FOLDER_PATH)/SISOLearn";
				XROS_DEPLOYMENT_TARGET = 26.5;
			};
			name = Debug;
		};
		D08386752FB9B811009DA65A /* Release */ = {
			isa = XCBuildConfiguration;
			buildSettings = {
				BUNDLE_LOADER = "$(TEST_HOST)";
				CODE_SIGN_STYLE = Automatic;
				CURRENT_PROJECT_VERSION = 1;
				GENERATE_INFOPLIST_FILE = NO;
				IPHONEOS_DEPLOYMENT_TARGET = 26.0;
				MACOSX_DEPLOYMENT_TARGET = 26.4;
				MARKETING_VERSION = 1.0;
				PRODUCT_BUNDLE_IDENTIFIER = com.sisolearn.SISOLearnTests;
				PRODUCT_NAME = "$(TARGET_NAME)";
				SDKROOT = auto;
				STRING_CATALOG_GENERATE_SYMBOLS = NO;
				SUPPORTED_PLATFORMS = "iphoneos iphonesimulator macosx xros xrsimulator";
				SWIFT_APPROACHABLE_CONCURRENCY = YES;
				SWIFT_EMIT_LOC_STRINGS = NO;
				SWIFT_VERSION = 5.0;
				TARGETED_DEVICE_FAMILY = "1,2,7";
				TEST_HOST = "$(BUILT_PRODUCTS_DIR)/SISOLearn.app/$(BUNDLE_EXECUTABLE_FOLDER_PATH)/SISOLearn";
				XROS_DEPLOYMENT_TARGET = 26.5;
			};
			name = Release;
		};
		D08386772FB9B811009DA65A /* Debug */ = {
			isa = XCBuildConfiguration;
			buildSettings = {
				CODE_SIGN_STYLE = Automatic;
				CURRENT_PROJECT_VERSION = 1;
				GENERATE_INFOPLIST_FILE = NO;
				IPHONEOS_DEPLOYMENT_TARGET = 26.0;
				MACOSX_DEPLOYMENT_TARGET = 26.4;
				MARKETING_VERSION = 1.0;
				PRODUCT_BUNDLE_IDENTIFIER = com.sisolearn.SISOLearnUITests;
				PRODUCT_NAME = "$(TARGET_NAME)";
				SDKROOT = auto;
				STRING_CATALOG_GENERATE_SYMBOLS = NO;
				SUPPORTED_PLATFORMS = "iphoneos iphonesimulator macosx xros xrsimulator";
				SWIFT_APPROACHABLE_CONCURRENCY = YES;
				SWIFT_EMIT_LOC_STRINGS = NO;
				SWIFT_VERSION = 5.0;
				TARGETED_DEVICE_FAMILY = "1,2,7";
				TEST_TARGET_NAME = SISOLearn;
				XROS_DEPLOYMENT_TARGET = 26.5;
			};
			name = Debug;
		};
		D08386782FB9B811009DA65A /* Release */ = {
			isa = XCBuildConfiguration;
			buildSettings = {
				CODE_SIGN_STYLE = Automatic;
				CURRENT_PROJECT_VERSION = 1;
				GENERATE_INFOPLIST_FILE = NO;
				IPHONEOS_DEPLOYMENT_TARGET = 26.0;
				MACOSX_DEPLOYMENT_TARGET = 26.4;
				MARKETING_VERSION = 1.0;
				PRODUCT_BUNDLE_IDENTIFIER = com.sisolearn.SISOLearnUITests;
				PRODUCT_NAME = "$(TARGET_NAME)";
				SDKROOT = auto;
				STRING_CATALOG_GENERATE_SYMBOLS = NO;
				SUPPORTED_PLATFORMS = "iphoneos iphonesimulator macosx xros xrsimulator";
				SWIFT_APPROACHABLE_CONCURRENCY = YES;
				SWIFT_EMIT_LOC_STRINGS = NO;
				SWIFT_VERSION = 5.0;
				TARGETED_DEVICE_FAMILY = "1,2,7";
				TEST_TARGET_NAME = SISOLearn;
				XROS_DEPLOYMENT_TARGET = 26.5;
			};
			name = Release;
		};
/* End XCBuildConfiguration section */

/* Begin XCConfigurationList section */
		D08386482FB9B80F009DA65A /* Build configuration list for PBXProject "SISOLearn" */ = {
			isa = XCConfigurationList;
			buildConfigurations = (
				D083866E2FB9B811009DA65A /* Debug */,
				D083866F2FB9B811009DA65A /* Release */,
			);
			defaultConfigurationIsVisible = 0;
			defaultConfigurationName = Release;
		};
		D08386702FB9B811009DA65A /* Build configuration list for PBXNativeTarget "SISOLearn" */ = {
			isa = XCConfigurationList;
			buildConfigurations = (
				D08386712FB9B811009DA65A /* Debug */,
				D08386722FB9B811009DA65A /* Release */,
			);
			defaultConfigurationIsVisible = 0;
			defaultConfigurationName = Release;
		};
		D08386732FB9B811009DA65A /* Build configuration list for PBXNativeTarget "SISOLearnTests" */ = {
			isa = XCConfigurationList;
			buildConfigurations = (
				D08386742FB9B811009DA65A /* Debug */,
				D08386752FB9B811009DA65A /* Release */,
			);
			defaultConfigurationIsVisible = 0;
			defaultConfigurationName = Release;
		};
		D08386762FB9B811009DA65A /* Build configuration list for PBXNativeTarget "SISOLearnUITests" */ = {
			isa = XCConfigurationList;
			buildConfigurations = (
				D08386772FB9B811009DA65A /* Debug */,
				D08386782FB9B811009DA65A /* Release */,
			);
			defaultConfigurationIsVisible = 0;
			defaultConfigurationName = Release;
		};
/* End XCConfigurationList section */

/* Begin XCVersionGroup section */
		D084FF992FBB3C0F00BF5B7B /* SISOLearnModel.xcdatamodeld */ = {
			isa = XCVersionGroup;
			children = (
				D084FF9A2FBB3C0F00BF5B7B /* SISOLearnModel.xcdatamodel */,
			);
			currentVersion = D084FF9A2FBB3C0F00BF5B7B /* SISOLearnModel.xcdatamodel */;
			path = SISOLearnModel.xcdatamodeld;
			sourceTree = "<group>";
			versionGroupType = wrapper.xcdatamodel;
		};
/* End XCVersionGroup section */
	};
	rootObject = D08386452FB9B80F009DA65A /* Project object */;
}
